{
  "name": "private-amm",
  "version": "1.0.0",
  "lockfileVersion": 3,
  "requires": true,
  "packages": {
    "": {
      "name": "private-amm",
      "version": "1.0.0",
      "license": "ISC",
      "dependencies": {
        "@midnight-ntwrk/compact-runtime": "^0.9.0"
      }
    },
    "node_modules/@midnight-ntwrk/compact-runtime": {
      "version": "0.9.0",
      "resolved": "https://registry.npmjs.org/@midnight-ntwrk/compact-runtime/-/compact-runtime-0.9.0.tgz",
      "integrity": "sha512-Dsms+SWRWlaTIay4SO7ITxTJvo8lgEKkMss+dQnIZDnEoCEO5lHTSj4TckBAvyYSWm4KElN3tir/MVm5hHgfDA==",
      "license": "Apache-2.0",
      "dependencies": {
        "@midnight-ntwrk/onchain-runtime": "^0.3.0",
        "@types/object-inspect": "^1.8.1",
        "object-inspect": "^1.12.3"
      }
    },
    "node_modules/@midnight-ntwrk/onchain-runtime": {
      "version": "0.3.0",
      "resolved": "https://registry.npmjs.org/@midnight-ntwrk/onchain-runtime/-/onchain-runtime-0.3.0.tgz",
      "integrity": "sha512-vZWPoz7MhXO5UgWZET50g7APOcT5dbAfADDcrSreeOagV8lj7JJzlnYIIhrcUaMOv+NHWxPaUcJUYUkmu9LoTA=="
    },
    "node_modules/@types/object-inspect": {
      "version": "1.13.0",
      "resolved": "https://registry.npmjs.org/@types/object-inspect/-/object-inspect-1.13.0.tgz",
      "integrity": "sha512-lwGTVESDDV+XsQ1pH4UifpJ1f7OtXzQ6QBOX2Afq2bM/T3oOt8hF6exJMjjIjtEWeAN2YAo25J7HxWh97CCz9w==",
      "license": "MIT"
    },
    "node_modules/object-inspect": {
      "version": "1.13.4",
      "resolved": "https://registry.npmjs.org/object-inspect/-/object-inspect-1.13.4.tgz",
      "integrity": "sha512-W67iLl4J2EXEGTbfeHCffrjDfitvLANg0UlX3wFUUSTx92KXRFegMHUVgSqE+wvhAbi4WqjGg9czysTV2Epbew==",
      "license": "MIT",
      "engines": {
        "node": ">= 0.4"
      },
      "funding": {
        "url": "https://github.com/sponsors/ljharb"
      }
    }
  }
}
